
Microsoft Visual Studio Solution File, Format Version 12.00
Project("{FAE04EC0-301F-11D3-BF4B-00C04F79EFBC}") = "LerningApp.Web", "LerningApp.Web\LerningApp.Web.csproj", "{120F1BCF-CB14-4E24-B58F-A3CC3AD0B2EA}"
EndProject
Project("{FAE04EC0-301F-11D3-BF4B-00C04F79EFBC}") = "LerningApp.Web.ViewModels", "LerningApp.Web.ViewModels\LerningApp.Web.ViewModels.csproj", "{19E32830-7EE3-4D5F-8CBF-155C012A4DC7}"
EndProject
Global
	GlobalSection(SolutionConfigurationPlatforms) = preSolution
		Debug|Any CPU = Debug|Any CPU
		Release|Any CPU = Release|Any CPU
	EndGlobalSection
	GlobalSection(ProjectConfigurationPlatforms) = postSolution
		{120F1BCF-CB14-4E24-B58F-A3CC3AD0B2EA}.Debug|Any CPU.ActiveCfg = Debug|Any CPU
		{120F1BCF-CB14-4E24-B58F-A3CC3AD0B2EA}.Debug|Any CPU.Build.0 = Debug|Any CPU
		{120F1BCF-CB14-4E24-B58F-A3CC3AD0B2EA}.Release|Any CPU.ActiveCfg = Release|Any CPU
		{120F1BCF-CB14-4E24-B58F-A3CC3AD0B2EA}.Release|Any CPU.Build.0 = Release|Any CPU
		{19E32830-7EE3-4D5F-8CBF-155C012A4DC7}.Debug|Any CPU.ActiveCfg = Debug|Any CPU
		{19E32830-7EE3-4D5F-8CBF-155C012A4DC7}.Debug|Any CPU.Build.0 = Debug|Any CPU
		{19E32830-7EE3-4D5F-8CBF-155C012A4DC7}.Release|Any CPU.ActiveCfg = Release|Any CPU
		{19E32830-7EE3-4D5F-8CBF-155C012A4DC7}.Release|Any CPU.Build.0 = Release|Any CPU
	EndGlobalSection
EndGlobal
