
Microsoft Visual Studio Solution File, Format Version 12.00
Project("{FAE04EC0-301F-11D3-BF4B-00C04F79EFBC}") = "LerningApp.Web", "LerningApp.Web\LerningApp.Web.csproj", "{120F1BCF-CB14-4E24-B58F-A3CC3AD0B2EA}"
EndProject
Project("{FAE04EC0-301F-11D3-BF4B-00C04F79EFBC}") = "LerningApp.Web.ViewModels", "LerningApp.Web.ViewModels\LerningApp.Web.ViewModels.csproj", "{19E32830-7EE3-4D5F-8CBF-155C012A4DC7}"
EndProject
Project("{FAE04EC0-301F-11D3-BF4B-00C04F79EFBC}") = "LerningApp.Common", "LerningApp.Common\LerningApp.Common.csproj", "{FD98E339-BF29-48FB-8B82-38344F7C861F}"
EndProject
Project("{FAE04EC0-301F-11D3-BF4B-00C04F79EFBC}") = "LerningApp.Data.Models", "LerningApp.Data.Models\LerningApp.Data.Models.csproj", "{7B611DBD-70F0-4F42-B79E-AD98FBB11937}"
EndProject
Project("{2150E333-8FDC-42A3-9474-1A3956D46DE8}") = "Data", "Data", "{81A4BBB9-64A3-4F0C-98E2-16692092CDCC}"
EndProject
Project("{2150E333-8FDC-42A3-9474-1A3956D46DE8}") = "Web", "Web", "{46E59640-9B7C-40CC-A043-312B0CBB19A9}"
EndProject
Project("{FAE04EC0-301F-11D3-BF4B-00C04F79EFBC}") = "LerningApp.Data", "LerningApp.Data\LerningApp.Data.csproj", "{667FDB97-CF78-49EE-8056-3CBC0A2A7211}"
EndProject
Project("{FAE04EC0-301F-11D3-BF4B-00C04F79EFBC}") = "LerningApp.Web.Infrastructure", "LerningApp.Web.Infrastructure\LerningApp.Web.Infrastructure.csproj", "{6CCA9B77-ED80-4DA5-AA0F-471A743BC99E}"
EndProject
Project("{2150E333-8FDC-42A3-9474-1A3956D46DE8}") = "Services", "Services", "{E4B8E72D-790F-484B-A21C-162EECC4AF1B}"
EndProject
Project("{FAE04EC0-301F-11D3-BF4B-00C04F79EFBC}") = "LerningApp.Services.Data", "LerningApp.Services.Data\LerningApp.Services.Data.csproj", "{F4FE4525-6F97-425F-BA91-7586461F8AF3}"
EndProject
Global
	GlobalSection(SolutionConfigurationPlatforms) = preSolution
		Debug|Any CPU = Debug|Any CPU
		Release|Any CPU = Release|Any CPU
	EndGlobalSection
	GlobalSection(ProjectConfigurationPlatforms) = postSolution
		{120F1BCF-CB14-4E24-B58F-A3CC3AD0B2EA}.Debug|Any CPU.ActiveCfg = Debug|Any CPU
		{120F1BCF-CB14-4E24-B58F-A3CC3AD0B2EA}.Debug|Any CPU.Build.0 = Debug|Any CPU
		{120F1BCF-CB14-4E24-B58F-A3CC3AD0B2EA}.Release|Any CPU.ActiveCfg = Release|Any CPU
		{120F1BCF-CB14-4E24-B58F-A3CC3AD0B2EA}.Release|Any CPU.Build.0 = Release|Any CPU
		{19E32830-7EE3-4D5F-8CBF-155C012A4DC7}.Debug|Any CPU.ActiveCfg = Debug|Any CPU
		{19E32830-7EE3-4D5F-8CBF-155C012A4DC7}.Debug|Any CPU.Build.0 = Debug|Any CPU
		{19E32830-7EE3-4D5F-8CBF-155C012A4DC7}.Release|Any CPU.ActiveCfg = Release|Any CPU
		{19E32830-7EE3-4D5F-8CBF-155C012A4DC7}.Release|Any CPU.Build.0 = Release|Any CPU
		{FD98E339-BF29-48FB-8B82-38344F7C861F}.Debug|Any CPU.ActiveCfg = Debug|Any CPU
		{FD98E339-BF29-48FB-8B82-38344F7C861F}.Debug|Any CPU.Build.0 = Debug|Any CPU
		{FD98E339-BF29-48FB-8B82-38344F7C861F}.Release|Any CPU.ActiveCfg = Release|Any CPU
		{FD98E339-BF29-48FB-8B82-38344F7C861F}.Release|Any CPU.Build.0 = Release|Any CPU
		{7B611DBD-70F0-4F42-B79E-AD98FBB11937}.Debug|Any CPU.ActiveCfg = Debug|Any CPU
		{7B611DBD-70F0-4F42-B79E-AD98FBB11937}.Debug|Any CPU.Build.0 = Debug|Any CPU
		{7B611DBD-70F0-4F42-B79E-AD98FBB11937}.Release|Any CPU.ActiveCfg = Release|Any CPU
		{7B611DBD-70F0-4F42-B79E-AD98FBB11937}.Release|Any CPU.Build.0 = Release|Any CPU
		{667FDB97-CF78-49EE-8056-3CBC0A2A7211}.Debug|Any CPU.ActiveCfg = Debug|Any CPU
		{667FDB97-CF78-49EE-8056-3CBC0A2A7211}.Debug|Any CPU.Build.0 = Debug|Any CPU
		{667FDB97-CF78-49EE-8056-3CBC0A2A7211}.Release|Any CPU.ActiveCfg = Release|Any CPU
		{667FDB97-CF78-49EE-8056-3CBC0A2A7211}.Release|Any CPU.Build.0 = Release|Any CPU
		{6CCA9B77-ED80-4DA5-AA0F-471A743BC99E}.Debug|Any CPU.ActiveCfg = Debug|Any CPU
		{6CCA9B77-ED80-4DA5-AA0F-471A743BC99E}.Debug|Any CPU.Build.0 = Debug|Any CPU
		{6CCA9B77-ED80-4DA5-AA0F-471A743BC99E}.Release|Any CPU.ActiveCfg = Release|Any CPU
		{6CCA9B77-ED80-4DA5-AA0F-471A743BC99E}.Release|Any CPU.Build.0 = Release|Any CPU
		{F4FE4525-6F97-425F-BA91-7586461F8AF3}.Debug|Any CPU.ActiveCfg = Debug|Any CPU
		{F4FE4525-6F97-425F-BA91-7586461F8AF3}.Debug|Any CPU.Build.0 = Debug|Any CPU
		{F4FE4525-6F97-425F-BA91-7586461F8AF3}.Release|Any CPU.ActiveCfg = Release|Any CPU
		{F4FE4525-6F97-425F-BA91-7586461F8AF3}.Release|Any CPU.Build.0 = Release|Any CPU
	EndGlobalSection
	GlobalSection(NestedProjects) = preSolution
		{7B611DBD-70F0-4F42-B79E-AD98FBB11937} = {81A4BBB9-64A3-4F0C-98E2-16692092CDCC}
		{120F1BCF-CB14-4E24-B58F-A3CC3AD0B2EA} = {46E59640-9B7C-40CC-A043-312B0CBB19A9}
		{19E32830-7EE3-4D5F-8CBF-155C012A4DC7} = {46E59640-9B7C-40CC-A043-312B0CBB19A9}
		{667FDB97-CF78-49EE-8056-3CBC0A2A7211} = {81A4BBB9-64A3-4F0C-98E2-16692092CDCC}
		{6CCA9B77-ED80-4DA5-AA0F-471A743BC99E} = {46E59640-9B7C-40CC-A043-312B0CBB19A9}
		{F4FE4525-6F97-425F-BA91-7586461F8AF3} = {E4B8E72D-790F-484B-A21C-162EECC4AF1B}
	EndGlobalSection
EndGlobal
